
Microsoft Visual Studio Solution File, Format Version 12.00
# Visual Studio Version 17
VisualStudioVersion = 17.9.34616.47
MinimumVisualStudioVersion = 10.0.40219.1
Project("{8BC9CEB8-8B4A-11D0-8D11-00A0C91BC942}") = "New_Naval_Battle", "New_Naval_Battle.vcxproj", "{3C61E91C-8279-4143-8DA0-14E63B92E3F6}"
EndProject
Global
	GlobalSection(SolutionConfigurationPlatforms) = preSolution
		Debug|x64 = Debug|x64
		Debug|x86 = Debug|x86
		Release|x64 = Release|x64
		Release|x86 = Release|x86
	EndGlobalSection
	GlobalSection(ProjectConfigurationPlatforms) = postSolution
		{3C61E91C-8279-4143-8DA0-14E63B92E3F6}.Debug|x64.ActiveCfg = Debug|x64
		{3C61E91C-8279-4143-8DA0-14E63B92E3F6}.Debug|x64.Build.0 = Debug|x64
		{3C61E91C-8279-4143-8DA0-14E63B92E3F6}.Debug|x86.ActiveCfg = Debug|Win32
		{3C61E91C-8279-4143-8DA0-14E63B92E3F6}.Debug|x86.Build.0 = Debug|Win32
		{3C61E91C-8279-4143-8DA0-14E63B92E3F6}.Release|x64.ActiveCfg = Release|x64
		{3C61E91C-8279-4143-8DA0-14E63B92E3F6}.Release|x64.Build.0 = Release|x64
		{3C61E91C-8279-4143-8DA0-14E63B92E3F6}.Release|x86.ActiveCfg = Release|Win32
		{3C61E91C-8279-4143-8DA0-14E63B92E3F6}.Release|x86.Build.0 = Release|Win32
	EndGlobalSection
	GlobalSection(SolutionProperties) = preSolution
		HideSolutionNode = FALSE
	EndGlobalSection
	GlobalSection(ExtensibilityGlobals) = postSolution
		SolutionGuid = {F458566D-DC45-4592-BCB8-CEB5BA550604}
	EndGlobalSection
EndGlobal
